
Microsoft Visual Studio Solution File, Format Version 12.00
# Visual Studio Version 17
VisualStudioVersion = 17.4.33213.308
MinimumVisualStudioVersion = 10.0.40219.1
Project("{FAE04EC0-301F-11D3-BF4B-00C04F79EFBC}") = "MobileGame.Android", "MobileGame\MobileGame.Android\MobileGame.Android.csproj", "{72EC5A2B-DD6C-43D0-874C-ABBA92CEE453}"
EndProject
Project("{FAE04EC0-301F-11D3-BF4B-00C04F79EFBC}") = "MobileGame", "MobileGame\MobileGame\MobileGame.csproj", "{DE17E79F-9E53-4817-9F39-5389147F7BFC}"
EndProject
Global
	GlobalSection(SolutionConfigurationPlatforms) = preSolution
		Debug|Any CPU = Debug|Any CPU
		Release|Any CPU = Release|Any CPU
	EndGlobalSection
	GlobalSection(ProjectConfigurationPlatforms) = postSolution
		{72EC5A2B-DD6C-43D0-874C-ABBA92CEE453}.Debug|Any CPU.ActiveCfg = Debug|Any CPU
		{72EC5A2B-DD6C-43D0-874C-ABBA92CEE453}.Debug|Any CPU.Build.0 = Debug|Any CPU
		{72EC5A2B-DD6C-43D0-874C-ABBA92CEE453}.Debug|Any CPU.Deploy.0 = Debug|Any CPU
		{72EC5A2B-DD6C-43D0-874C-ABBA92CEE453}.Release|Any CPU.ActiveCfg = Release|Any CPU
		{72EC5A2B-DD6C-43D0-874C-ABBA92CEE453}.Release|Any CPU.Build.0 = Release|Any CPU
		{72EC5A2B-DD6C-43D0-874C-ABBA92CEE453}.Release|Any CPU.Deploy.0 = Release|Any CPU
		{DE17E79F-9E53-4817-9F39-5389147F7BFC}.Debug|Any CPU.ActiveCfg = Debug|Any CPU
		{DE17E79F-9E53-4817-9F39-5389147F7BFC}.Debug|Any CPU.Build.0 = Debug|Any CPU
		{DE17E79F-9E53-4817-9F39-5389147F7BFC}.Debug|Any CPU.Deploy.0 = Debug|Any CPU
		{DE17E79F-9E53-4817-9F39-5389147F7BFC}.Release|Any CPU.ActiveCfg = Release|Any CPU
		{DE17E79F-9E53-4817-9F39-5389147F7BFC}.Release|Any CPU.Build.0 = Release|Any CPU
		{DE17E79F-9E53-4817-9F39-5389147F7BFC}.Release|Any CPU.Deploy.0 = Release|Any CPU
	EndGlobalSection
	GlobalSection(SolutionProperties) = preSolution
		HideSolutionNode = FALSE
	EndGlobalSection
	GlobalSection(ExtensibilityGlobals) = postSolution
		SolutionGuid = {A2AA3965-C1BE-4581-81F9-D3EDE0E4C48A}
	EndGlobalSection
EndGlobal
